
Microsoft Visual Studio Solution File, Format Version 12.00
# Visual Studio Version 16
VisualStudioVersion = 16.0.30225.117
MinimumVisualStudioVersion = 10.0.40219.1
Project("{FAE04EC0-301F-11D3-BF4B-00C04F79EFBC}") = "User-Registration", "User-Registration\User-Registration.csproj", "{D532C87C-DC12-4B5F-A65C-12A3D2A14411}"
EndProject
Global
	GlobalSection(SolutionConfigurationPlatforms) = preSolution
		Debug|Any CPU = Debug|Any CPU
		Release|Any CPU = Release|Any CPU
	EndGlobalSection
	GlobalSection(ProjectConfigurationPlatforms) = postSolution
		{D532C87C-DC12-4B5F-A65C-12A3D2A14411}.Debug|Any CPU.ActiveCfg = Debug|Any CPU
		{D532C87C-DC12-4B5F-A65C-12A3D2A14411}.Debug|Any CPU.Build.0 = Debug|Any CPU
		{D532C87C-DC12-4B5F-A65C-12A3D2A14411}.Release|Any CPU.ActiveCfg = Release|Any CPU
		{D532C87C-DC12-4B5F-A65C-12A3D2A14411}.Release|Any CPU.Build.0 = Release|Any CPU
	EndGlobalSection
	GlobalSection(SolutionProperties) = preSolution
		HideSolutionNode = FALSE
	EndGlobalSection
	GlobalSection(ExtensibilityGlobals) = postSolution
		SolutionGuid = {2E6D3DF8-7908-4DAE-B98C-1E7B9BD46097}
	EndGlobalSection
EndGlobal
